
Microsoft Visual Studio Solution File, Format Version 12.00
# Visual Studio Version 16
VisualStudioVersion = 16.0.29728.190
MinimumVisualStudioVersion = 10.0.40219.1
Project("{FAE04EC0-301F-11D3-BF4B-00C04F79EFBC}") = "GitHubAndVS_CheWei", "GitHubAndVS_CheWei.csproj", "{909E4E57-04FE-4FB0-A4B3-61F80C8AB3B0}"
EndProject
Global
	GlobalSection(SolutionConfigurationPlatforms) = preSolution
		Debug|Any CPU = Debug|Any CPU
		Release|Any CPU = Release|Any CPU
	EndGlobalSection
	GlobalSection(ProjectConfigurationPlatforms) = postSolution
		{909E4E57-04FE-4FB0-A4B3-61F80C8AB3B0}.Debug|Any CPU.ActiveCfg = Debug|Any CPU
		{909E4E57-04FE-4FB0-A4B3-61F80C8AB3B0}.Debug|Any CPU.Build.0 = Debug|Any CPU
		{909E4E57-04FE-4FB0-A4B3-61F80C8AB3B0}.Release|Any CPU.ActiveCfg = Release|Any CPU
		{909E4E57-04FE-4FB0-A4B3-61F80C8AB3B0}.Release|Any CPU.Build.0 = Release|Any CPU
	EndGlobalSection
	GlobalSection(SolutionProperties) = preSolution
		HideSolutionNode = FALSE
	EndGlobalSection
	GlobalSection(ExtensibilityGlobals) = postSolution
		SolutionGuid = {45F77B8B-1772-42BF-A520-540FDE636904}
	EndGlobalSection
EndGlobal
